// !$*UTF8*$!
{
	archiveVersion = 1;
	classes = {
	};
	objectVersion = 50;
	objects = {

/* Begin PBXBuildFile section */
		7375E7EE2397EB5F008F29FD /* AppDelegate.swift in Sources */ = {isa = PBXBuildFile; fileRef = 7375E7ED2397EB5F008F29FD /* AppDelegate.swift */; };
		7375E7F02397EB5F008F29FD /* SceneDelegate.swift in Sources */ = {isa = PBXBuildFile; fileRef = 7375E7EF2397EB5F008F29FD /* SceneDelegate.swift */; };
		7375E7F22397EB5F008F29FD /* ViewController.swift in Sources */ = {isa = PBXBuildFile; fileRef = 7375E7F12397EB5F008F29FD /* ViewController.swift */; };
		7375E7F52397EB5F008F29FD /* Main.storyboard in Resources */ = {isa = PBXBuildFile; fileRef = 7375E7F32397EB5F008F29FD /* Main.storyboard */; };
		7375E7F72397EB61008F29FD /* Assets.xcassets in Resources */ = {isa = PBXBuildFile; fileRef = 7375E7F62397EB61008F29FD /* Assets.xcassets */; };
		7375E7FA2397EB61008F29FD /* LaunchScreen.storyboard in Resources */ = {isa = PBXBuildFile; fileRef = 7375E7F82397EB61008F29FD /* LaunchScreen.storyboard */; };
		7375E80223980386008F29FD /* validation.swift in Sources */ = {isa = PBXBuildFile; fileRef = 7375E80123980386008F29FD /* validation.swift */; };
		7375E80423980DCA008F29FD /* RegisterationViewController.swift in Sources */ = {isa = PBXBuildFile; fileRef = 7375E80323980DCA008F29FD /* RegisterationViewController.swift */; };
		7375E80623981F09008F29FD /* ProfileViewController.swift in Sources */ = {isa = PBXBuildFile; fileRef = 7375E80523981F09008F29FD /* ProfileViewController.swift */; };
		7375E808239838DF008F29FD /* CameraViewController.swift in Sources */ = {isa = PBXBuildFile; fileRef = 7375E807239838DF008F29FD /* CameraViewController.swift */; };
/* End PBXBuildFile section */

/* Begin PBXFileReference section */
		7375E7EA2397EB5F008F29FD /* EndTerm.app */ = {isa = PBXFileReference; explicitFileType = wrapper.application; includeInIndex = 0; path = EndTerm.app; sourceTree = BUILT_PRODUCTS_DIR; };
		7375E7ED2397EB5F008F29FD /* AppDelegate.swift */ = {isa = PBXFileReference; lastKnownFileType = sourcecode.swift; path = AppDelegate.swift; sourceTree = "<group>"; };
		7375E7EF2397EB5F008F29FD /* SceneDelegate.swift */ = {isa = PBXFileReference; lastKnownFileType = sourcecode.swift; path = SceneDelegate.swift; sourceTree = "<group>"; };
		7375E7F12397EB5F008F29FD /* ViewController.swift */ = {isa = PBXFileReference; lastKnownFileType = sourcecode.swift; path = ViewController.swift; sourceTree = "<group>"; };
		7375E7F42397EB5F008F29FD /* Base */ = {isa = PBXFileReference; lastKnownFileType = file.storyboard; name = Base; path = Base.lproj/Main.storyboard; sourceTree = "<group>"; };
		7375E7F62397EB61008F29FD /* Assets.xcassets */ = {isa = PBXFileReference; lastKnownFileType = folder.assetcatalog; path = Assets.xcassets; sourceTree = "<group>"; };
		7375E7F92397EB61008F29FD /* Base */ = {isa = PBXFileReference; lastKnownFileType = file.storyboard; name = Base; path = Base.lproj/LaunchScreen.storyboard; sourceTree = "<group>"; };
		7375E7FB2397EB61008F29FD /* Info.plist */ = {isa = PBXFileReference; lastKnownFileType = text.plist.xml; path = Info.plist; sourceTree = "<group>"; };
		7375E80123980386008F29FD /* validation.swift */ = {isa = PBXFileReference; lastKnownFileType = sourcecode.swift; path = validation.swift; sourceTree = "<group>"; };
		7375E80323980DCA008F29FD /* RegisterationViewController.swift */ = {isa = PBXFileReference; lastKnownFileType = sourcecode.swift; path = RegisterationViewController.swift; sourceTree = "<group>"; };
		7375E80523981F09008F29FD /* ProfileViewController.swift */ = {isa = PBXFileReference; lastKnownFileType = sourcecode.swift; path = ProfileViewController.swift; sourceTree = "<group>"; };
		7375E807239838DF008F29FD /* CameraViewController.swift */ = {isa = PBXFileReference; lastKnownFileType = sourcecode.swift; path = CameraViewController.swift; sourceTree = "<group>"; };
/* End PBXFileReference section */

/* Begin PBXFrameworksBuildPhase section */
		7375E7E72397EB5F008F29FD /* Frameworks */ = {
			isa = PBXFrameworksBuildPhase;
			buildActionMask = 2147483647;
			files = (
			);
			runOnlyForDeploymentPostprocessing = 0;
		};
/* End PBXFrameworksBuildPhase section */

/* Begin PBXGroup section */
		7375E7E12397EB5F008F29FD = {
			isa = PBXGroup;
			children = (
				7375E7EC2397EB5F008F29FD /* EndTerm */,
				7375E7EB2397EB5F008F29FD /* Products */,
			);
			sourceTree = "<group>";
		};
		7375E7EB2397EB5F008F29FD /* Products */ = {
			isa = PBXGroup;
			children = (
				7375E7EA2397EB5F008F29FD /* EndTerm.app */,
			);
			name = Products;
			sourceTree = "<group>";
		};
		7375E7EC2397EB5F008F29FD /* EndTerm */ = {
			isa = PBXGroup;
			children = (
				7375E7ED2397EB5F008F29FD /* AppDelegate.swift */,
				7375E7EF2397EB5F008F29FD /* SceneDelegate.swift */,
				7375E7F12397EB5F008F29FD /* ViewController.swift */,
				7375E80323980DCA008F29FD /* RegisterationViewController.swift */,
				7375E80523981F09008F29FD /* ProfileViewController.swift */,
				7375E807239838DF008F29FD /* CameraViewController.swift */,
				7375E80123980386008F29FD /* validation.swift */,
				7375E7F32397EB5F008F29FD /* Main.storyboard */,
				7375E7F62397EB61008F29FD /* Assets.xcassets */,
				7375E7F82397EB61008F29FD /* LaunchScreen.storyboard */,
				7375E7FB2397EB61008F29FD /* Info.plist */,
			);
			path = EndTerm;
			sourceTree = "<group>";
		};
/* End PBXGroup section */

/* Begin PBXNativeTarget section */
		7375E7E92397EB5F008F29FD /* EndTerm */ = {
			isa = PBXNativeTarget;
			buildConfigurationList = 7375E7FE2397EB61008F29FD /* Build configuration list for PBXNativeTarget "EndTerm" */;
			buildPhases = (
				7375E7E62397EB5F008F29FD /* Sources */,
				7375E7E72397EB5F008F29FD /* Frameworks */,
				7375E7E82397EB5F008F29FD /* Resources */,
			);
			buildRules = (
			);
			dependencies = (
			);
			name = EndTerm;
			productName = EndTerm;
			productReference = 7375E7EA2397EB5F008F29FD /* EndTerm.app */;
			productType = "com.apple.product-type.application";
		};
/* End PBXNativeTarget section */

/* Begin PBXProject section */
		7375E7E22397EB5F008F29FD /* Project object */ = {
			isa = PBXProject;
			attributes = {
				LastSwiftUpdateCheck = 1120;
				LastUpgradeCheck = 1120;
				ORGANIZATIONNAME = "Manish Dua";
				TargetAttributes = {
					7375E7E92397EB5F008F29FD = {
						CreatedOnToolsVersion = 11.2.1;
					};
				};
			};
			buildConfigurationList = 7375E7E52397EB5F008F29FD /* Build configuration list for PBXProject "EndTerm" */;
			compatibilityVersion = "Xcode 9.3";
			developmentRegion = en;
			hasScannedForEncodings = 0;
			knownRegions = (
				en,
				Base,
			);
			mainGroup = 7375E7E12397EB5F008F29FD;
			productRefGroup = 7375E7EB2397EB5F008F29FD /* Products */;
			projectDirPath = "";
			projectRoot = "";
			targets = (
				7375E7E92397EB5F008F29FD /* EndTerm */,
			);
		};
/* End PBXProject section */

/* Begin PBXResourcesBuildPhase section */
		7375E7E82397EB5F008F29FD /* Resources */ = {
			isa = PBXResourcesBuildPhase;
			buildActionMask = 2147483647;
			files = (
				7375E7FA2397EB61008F29FD /* LaunchScreen.storyboard in Resources */,
				7375E7F72397EB61008F29FD /* Assets.xcassets in Resources */,
				7375E7F52397EB5F008F29FD /* Main.storyboard in Resources */,
			);
			runOnlyForDeploymentPostprocessing = 0;
		};
/* End PBXResourcesBuildPhase section */

/* Begin PBXSourcesBuildPhase section */
		7375E7E62397EB5F008F29FD /* Sources */ = {
			isa = PBXSourcesBuildPhase;
			buildActionMask = 2147483647;
			files = (
				7375E80623981F09008F29FD /* ProfileViewController.swift in Sources */,
				7375E80423980DCA008F29FD /* RegisterationViewController.swift in Sources */,
				7375E7F22397EB5F008F29FD /* ViewController.swift in Sources */,
				7375E7EE2397EB5F008F29FD /* AppDelegate.swift in Sources */,
				7375E808239838DF008F29FD /* CameraViewController.swift in Sources */,
				7375E80223980386008F29FD /* validation.swift in Sources */,
				7375E7F02397EB5F008F29FD /* SceneDelegate.swift in Sources */,
			);
			runOnlyForDeploymentPostprocessing = 0;
		};
/* End PBXSourcesBuildPhase section */

/* Begin PBXVariantGroup section */
		7375E7F32397EB5F008F29FD /* Main.storyboard */ = {
			isa = PBXVariantGroup;
			children = (
				7375E7F42397EB5F008F29FD /* Base */,
			);
			name = Main.storyboard;
			sourceTree = "<group>";
		};
		7375E7F82397EB61008F29FD /* LaunchScreen.storyboard */ = {
			isa = PBXVariantGroup;
			children = (
				7375E7F92397EB61008F29FD /* Base */,
			);
			name = LaunchScreen.storyboard;
			sourceTree = "<group>";
		};
/* End PBXVariantGroup section */

/* Begin XCBuildConfiguration section */
		7375E7FC2397EB61008F29FD /* Debug */ = {
			isa = XCBuildConfiguration;
			buildSettings = {
				ALWAYS_SEARCH_USER_PATHS = NO;
				CLANG_ANALYZER_NONNULL = YES;
				CLANG_ANALYZER_NUMBER_OBJECT_CONVERSION = YES_AGGRESSIVE;
				CLANG_CXX_LANGUAGE_STANDARD = "gnu++14";
				CLANG_CXX_LIBRARY = "libc++";
				CLANG_ENABLE_MODULES = YES;
				CLANG_ENABLE_OBJC_ARC = YES;
				CLANG_ENABLE_OBJC_WEAK = YES;
				CLANG_WARN_BLOCK_CAPTURE_AUTORELEASING = YES;
				CLANG_WARN_BOOL_CONVERSION = YES;
				CLANG_WARN_COMMA = YES;
				CLANG_WARN_CONSTANT_CONVERSION = YES;
				CLANG_WARN_DEPRECATED_OBJC_IMPLEMENTATIONS = YES;
				CLANG_WARN_DIRECT_OBJC_ISA_USAGE = YES_ERROR;
				CLANG_WARN_DOCUMENTATION_COMMENTS = YES;
				CLANG_WARN_EMPTY_BODY = YES;
				CLANG_WARN_ENUM_CONVERSION = YES;
				CLANG_WARN_INFINITE_RECURSION = YES;
				CLANG_WARN_INT_CONVERSION = YES;
				CLANG_WARN_NON_LITERAL_NULL_CONVERSION = YES;
				CLANG_WARN_OBJC_IMPLICIT_RETAIN_SELF = YES;
				CLANG_WARN_OBJC_LITERAL_CONVERSION = YES;
				CLANG_WARN_OBJC_ROOT_CLASS = YES_ERROR;
				CLANG_WARN_RANGE_LOOP_ANALYSIS = YES;
				CLANG_WARN_STRICT_PROTOTYPES = YES;
				CLANG_WARN_SUSPICIOUS_MOVE = YES;
				CLANG_WARN_UNGUARDED_AVAILABILITY = YES_AGGRESSIVE;
				CLANG_WARN_UNREACHABLE_CODE = YES;
				CLANG_WARN__DUPLICATE_METHOD_MATCH = YES;
				COPY_PHASE_STRIP = NO;
				DEBUG_INFORMATION_FORMAT = dwarf;
				ENABLE_STRICT_OBJC_MSGSEND = YES;
				ENABLE_TESTABILITY = YES;
				GCC_C_LANGUAGE_STANDARD = gnu11;
				GCC_DYNAMIC_NO_PIC = NO;
				GCC_NO_COMMON_BLOCKS = YES;
				GCC_OPTIMIZATION_LEVEL = 0;
				GCC_PREPROCESSOR_DEFINITIONS = (
					"DEBUG=1",
					"$(inherited)",
				);
				GCC_WARN_64_TO_32_BIT_CONVERSION = YES;
				GCC_WARN_ABOUT_RETURN_TYPE = YES_ERROR;
				GCC_WARN_UNDECLARED_SELECTOR = YES;
				GCC_WARN_UNINITIALIZED_AUTOS = YES_AGGRESSIVE;
				GCC_WARN_UNUSED_FUNCTION = YES;
				GCC_WARN_UNUSED_VARIABLE = YES;
				IPHONEOS_DEPLOYMENT_TARGET = 13.2;
				MTL_ENABLE_DEBUG_INFO = INCLUDE_SOURCE;
				MTL_FAST_MATH = YES;
				ONLY_ACTIVE_ARCH = YES;
				SDKROOT = iphoneos;
				SWIFT_ACTIVE_COMPILATION_CONDITIONS = DEBUG;
				SWIFT_OPTIMIZATION_LEVEL = "-Onone";
			};
			name = Debug;
		};
		7375E7FD2397EB61008F29FD /* Release */ = {
			isa = XCBuildConfiguration;
			buildSettings = {
				ALWAYS_SEARCH_USER_PATHS = NO;
				CLANG_ANALYZER_NONNULL = YES;
				CLANG_ANALYZER_NUMBER_OBJECT_CONVERSION = YES_AGGRESSIVE;
				CLANG_CXX_LANGUAGE_STANDARD = "gnu++14";
				CLANG_CXX_LIBRARY = "libc++";
				CLANG_ENABLE_MODULES = YES;
				CLANG_ENABLE_OBJC_ARC = YES;
				CLANG_ENABLE_OBJC_WEAK = YES;
				CLANG_WARN_BLOCK_CAPTURE_AUTORELEASING = YES;
				CLANG_WARN_BOOL_CONVERSION = YES;
				CLANG_WARN_COMMA = YES;
				CLANG_WARN_CONSTANT_CONVERSION = YES;
				CLANG_WARN_DEPRECATED_OBJC_IMPLEMENTATIONS = YES;
				CLANG_WARN_DIRECT_OBJC_ISA_USAGE = YES_ERROR;
				CLANG_WARN_DOCUMENTATION_COMMENTS = YES;
				CLANG_WARN_EMPTY_BODY = YES;
				CLANG_WARN_ENUM_CONVERSION = YES;
				CLANG_WARN_INFINITE_RECURSION = YES;
				CLANG_WARN_INT_CONVERSION = YES;
				CLANG_WARN_NON_LITERAL_NULL_CONVERSION = YES;
				CLANG_WARN_OBJC_IMPLICIT_RETAIN_SELF = YES;
				CLANG_WARN_OBJC_LITERAL_CONVERSION = YES;
				CLANG_WARN_OBJC_ROOT_CLASS = YES_ERROR;
				CLANG_WARN_RANGE_LOOP_ANALYSIS = YES;
				CLANG_WARN_STRICT_PROTOTYPES = YES;
				CLANG_WARN_SUSPICIOUS_MOVE = YES;
				CLANG_WARN_UNGUARDED_AVAILABILITY = YES_AGGRESSIVE;
				CLANG_WARN_UNREACHABLE_CODE = YES;
				CLANG_WARN__DUPLICATE_METHOD_MATCH = YES;
				COPY_PHASE_STRIP = NO;
				DEBUG_INFORMATION_FORMAT = "dwarf-with-dsym";
				ENABLE_NS_ASSERTIONS = NO;
				ENABLE_STRICT_OBJC_MSGSEND = YES;
				GCC_C_LANGUAGE_STANDARD = gnu11;
				GCC_NO_COMMON_BLOCKS = YES;
				GCC_WARN_64_TO_32_BIT_CONVERSION = YES;
				GCC_WARN_ABOUT_RETURN_TYPE = YES_ERROR;
				GCC_WARN_UNDECLARED_SELECTOR = YES;
				GCC_WARN_UNINITIALIZED_AUTOS = YES_AGGRESSIVE;
				GCC_WARN_UNUSED_FUNCTION = YES;
				GCC_WARN_UNUSED_VARIABLE = YES;
				IPHONEOS_DEPLOYMENT_TARGET = 13.2;
				MTL_ENABLE_DEBUG_INFO = NO;
				MTL_FAST_MATH = YES;
				SDKROOT = iphoneos;
				SWIFT_COMPILATION_MODE = wholemodule;
				SWIFT_OPTIMIZATION_LEVEL = "-O";
				VALIDATE_PRODUCT = YES;
			};
			name = Release;
		};
		7375E7FF2397EB61008F29FD /* Debug */ = {
			isa = XCBuildConfiguration;
			buildSettings = {
				ASSETCATALOG_COMPILER_APPICON_NAME = AppIcon;
				CODE_SIGN_STYLE = Automatic;
				DEVELOPMENT_TEAM = W48JHZR768;
				INFOPLIST_FILE = EndTerm/Info.plist;
				LD_RUNPATH_SEARCH_PATHS = (
					"$(inherited)",
					"@executable_path/Frameworks",
				);
				PRODUCT_BUNDLE_IDENTIFIER = com.manishdua.EndTerm;
				PRODUCT_NAME = "$(TARGET_NAME)";
				SWIFT_VERSION = 5.0;
				TARGETED_DEVICE_FAMILY = "1,2";
			};
			name = Debug;
		};
		7375E8002397EB61008F29FD /* Release */ = {
			isa = XCBuildConfiguration;
			buildSettings = {
				ASSETCATALOG_COMPILER_APPICON_NAME = AppIcon;
				CODE_SIGN_STYLE = Automatic;
				DEVELOPMENT_TEAM = W48JHZR768;
				INFOPLIST_FILE = EndTerm/Info.plist;
				LD_RUNPATH_SEARCH_PATHS = (
					"$(inherited)",
					"@executable_path/Frameworks",
				);
				PRODUCT_BUNDLE_IDENTIFIER = com.manishdua.EndTerm;
				PRODUCT_NAME = "$(TARGET_NAME)";
				SWIFT_VERSION = 5.0;
				TARGETED_DEVICE_FAMILY = "1,2";
			};
			name = Release;
		};
/* End XCBuildConfiguration section */

/* Begin XCConfigurationList section */
		7375E7E52397EB5F008F29FD /* Build configuration list for PBXProject "EndTerm" */ = {
			isa = XCConfigurationList;
			buildConfigurations = (
				7375E7FC2397EB61008F29FD /* Debug */,
				7375E7FD2397EB61008F29FD /* Release */,
			);
			defaultConfigurationIsVisible = 0;
			defaultConfigurationName = Release;
		};
		7375E7FE2397EB61008F29FD /* Build configuration list for PBXNativeTarget "EndTerm" */ = {
			isa = XCConfigurationList;
			buildConfigurations = (
				7375E7FF2397EB61008F29FD /* Debug */,
				7375E8002397EB61008F29FD /* Release */,
			);
			defaultConfigurationIsVisible = 0;
			defaultConfigurationName = Release;
		};
/* End XCConfigurationList section */
	};
	rootObject = 7375E7E22397EB5F008F29FD /* Project object */;
}
